# This file is automatically @generated by Cargo.
# It is not intended for manual editing.
version = 3

[[package]]
name = "drss2023-signal-object-controller"
version = "0.1.0"
dependencies = [
 "sci-rs",
]

[[package]]
name = "sci-rs"
version = "0.1.0"
source = "git+https://github.com/ctiedt/rasta-rs#19451947ada6146a3a4e0d2a31267b9e38fe1a38"
